
Microsoft Visual Studio Solution File, Format Version 12.00
# Visual Studio Version 16
VisualStudioVersion = 16.0.30204.135
MinimumVisualStudioVersion = 10.0.40219.1
Project("{FAE04EC0-301F-11D3-BF4B-00C04F79EFBC}") = "Quest.Framework.Data", "Quest.Framework.Data.csproj", "{8E96051A-7D63-4EB3-82B5-4AB48F300789}"
EndProject
Project("{FAE04EC0-301F-11D3-BF4B-00C04F79EFBC}") = "Quest.QuestTools.Business", "..\Quest.QuestTools\Quest.QuestTools.Business\Quest.QuestTools.Business.csproj", "{793553CB-281A-466F-9F68-050BF9D9AB13}"
EndProject
Project("{FAE04EC0-301F-11D3-BF4B-00C04F79EFBC}") = "Quest.QuestTools.Testing", "..\Quest.QuestTools\Quest.QuestTools.Testing\Quest.QuestTools.Testing.csproj", "{B25A41BF-4051-4B24-AD32-AEF343E34B31}"
EndProject
Project("{FAE04EC0-301F-11D3-BF4B-00C04F79EFBC}") = "Quest.QuestTools.Presentation", "..\Quest.QuestTools\Quest.QuestTools.Presentation\Quest.QuestTools.Presentation.csproj", "{2465DF6B-8D00-40B5-9C13-78A663B49ACE}"
EndProject
Project("{FAE04EC0-301F-11D3-BF4B-00C04F79EFBC}") = "Quest.Framework.Persistence", "..\Quest.Framework.Persistence\Quest.Framework.Persistence.csproj", "{7797B2E5-1CF2-44FA-BD6A-DF399644A4F4}"
EndProject
Global
	GlobalSection(SolutionConfigurationPlatforms) = preSolution
		Debug|Any CPU = Debug|Any CPU
		Release|Any CPU = Release|Any CPU
	EndGlobalSection
	GlobalSection(ProjectConfigurationPlatforms) = postSolution
		{8E96051A-7D63-4EB3-82B5-4AB48F300789}.Debug|Any CPU.ActiveCfg = Debug|Any CPU
		{8E96051A-7D63-4EB3-82B5-4AB48F300789}.Debug|Any CPU.Build.0 = Debug|Any CPU
		{8E96051A-7D63-4EB3-82B5-4AB48F300789}.Release|Any CPU.ActiveCfg = Release|Any CPU
		{8E96051A-7D63-4EB3-82B5-4AB48F300789}.Release|Any CPU.Build.0 = Release|Any CPU
		{793553CB-281A-466F-9F68-050BF9D9AB13}.Debug|Any CPU.ActiveCfg = Debug|Any CPU
		{793553CB-281A-466F-9F68-050BF9D9AB13}.Debug|Any CPU.Build.0 = Debug|Any CPU
		{793553CB-281A-466F-9F68-050BF9D9AB13}.Release|Any CPU.ActiveCfg = Release|Any CPU
		{793553CB-281A-466F-9F68-050BF9D9AB13}.Release|Any CPU.Build.0 = Release|Any CPU
		{B25A41BF-4051-4B24-AD32-AEF343E34B31}.Debug|Any CPU.ActiveCfg = Debug|Any CPU
		{B25A41BF-4051-4B24-AD32-AEF343E34B31}.Debug|Any CPU.Build.0 = Debug|Any CPU
		{B25A41BF-4051-4B24-AD32-AEF343E34B31}.Release|Any CPU.ActiveCfg = Release|Any CPU
		{B25A41BF-4051-4B24-AD32-AEF343E34B31}.Release|Any CPU.Build.0 = Release|Any CPU
		{2465DF6B-8D00-40B5-9C13-78A663B49ACE}.Debug|Any CPU.ActiveCfg = Debug|Any CPU
		{2465DF6B-8D00-40B5-9C13-78A663B49ACE}.Debug|Any CPU.Build.0 = Debug|Any CPU
		{2465DF6B-8D00-40B5-9C13-78A663B49ACE}.Release|Any CPU.ActiveCfg = Release|Any CPU
		{2465DF6B-8D00-40B5-9C13-78A663B49ACE}.Release|Any CPU.Build.0 = Release|Any CPU
		{7797B2E5-1CF2-44FA-BD6A-DF399644A4F4}.Debug|Any CPU.ActiveCfg = Debug|Any CPU
		{7797B2E5-1CF2-44FA-BD6A-DF399644A4F4}.Debug|Any CPU.Build.0 = Debug|Any CPU
		{7797B2E5-1CF2-44FA-BD6A-DF399644A4F4}.Release|Any CPU.ActiveCfg = Release|Any CPU
		{7797B2E5-1CF2-44FA-BD6A-DF399644A4F4}.Release|Any CPU.Build.0 = Release|Any CPU
	EndGlobalSection
	GlobalSection(SolutionProperties) = preSolution
		HideSolutionNode = FALSE
	EndGlobalSection
	GlobalSection(ExtensibilityGlobals) = postSolution
		SolutionGuid = {B8400DFE-642F-449C-A652-840B8A3C1532}
	EndGlobalSection
EndGlobal
